
Microsoft Visual Studio Solution File, Format Version 12.00
# Visual Studio Version 16
VisualStudioVersion = 16.0.30413.136
MinimumVisualStudioVersion = 10.0.40219.1
Project("{FAE04EC0-301F-11D3-BF4B-00C04F79EFBC}") = "Robot_01a", "Robot_01a\Robot_01a.csproj", "{A3A569DD-6E9E-4034-B823-C11DC727C960}"
EndProject
Global
	GlobalSection(SolutionConfigurationPlatforms) = preSolution
		Debug|Any CPU = Debug|Any CPU
		Release|Any CPU = Release|Any CPU
	EndGlobalSection
	GlobalSection(ProjectConfigurationPlatforms) = postSolution
		{A3A569DD-6E9E-4034-B823-C11DC727C960}.Debug|Any CPU.ActiveCfg = Debug|Any CPU
		{A3A569DD-6E9E-4034-B823-C11DC727C960}.Debug|Any CPU.Build.0 = Debug|Any CPU
		{A3A569DD-6E9E-4034-B823-C11DC727C960}.Release|Any CPU.ActiveCfg = Release|Any CPU
		{A3A569DD-6E9E-4034-B823-C11DC727C960}.Release|Any CPU.Build.0 = Release|Any CPU
	EndGlobalSection
	GlobalSection(SolutionProperties) = preSolution
		HideSolutionNode = FALSE
	EndGlobalSection
	GlobalSection(ExtensibilityGlobals) = postSolution
		SolutionGuid = {19D92C4B-75C3-40D9-B85B-92F375C0002D}
	EndGlobalSection
EndGlobal
